Microsoft Visual Studio Solution File, Format Version 12.00
# Visual Studio Version 17
VisualStudioVersion = 17.5.2.0
MinimumVisualStudioVersion = 10.0.40219.1
Project("{FAE04EC0-301F-11D3-BF4B-00C04F79EFBC}") = "ExceptionsLab", "ExceptionsLab.csproj", "{45BDC8BD-4869-6734-C47F-4A27F9FA29A7}"
EndProject
Global
	GlobalSection(SolutionConfigurationPlatforms) = preSolution
		Debug|Any CPU = Debug|Any CPU
		Release|Any CPU = Release|Any CPU
	EndGlobalSection
	GlobalSection(ProjectConfigurationPlatforms) = postSolution
		{45BDC8BD-4869-6734-C47F-4A27F9FA29A7}.Debug|Any CPU.ActiveCfg = Debug|Any CPU
		{45BDC8BD-4869-6734-C47F-4A27F9FA29A7}.Debug|Any CPU.Build.0 = Debug|Any CPU
		{45BDC8BD-4869-6734-C47F-4A27F9FA29A7}.Release|Any CPU.ActiveCfg = Release|Any CPU
		{45BDC8BD-4869-6734-C47F-4A27F9FA29A7}.Release|Any CPU.Build.0 = Release|Any CPU
	EndGlobalSection
	GlobalSection(SolutionProperties) = preSolution
		HideSolutionNode = FALSE
	EndGlobalSection
	GlobalSection(ExtensibilityGlobals) = postSolution
		SolutionGuid = {6A8A2EB3-CA28-491A-A781-2CBE5161D9AF}
	EndGlobalSection
EndGlobal
